
Microsoft Visual Studio Solution File, Format Version 12.00
# Visual Studio Version 17
VisualStudioVersion = 17.14.36212.18
MinimumVisualStudioVersion = 10.0.40219.1
Project("{FAE04EC0-301F-11D3-BF4B-00C04F79EFBC}") = "01. HelloWorld", "HelloWorld\01. HelloWorld.csproj", "{7D1E490F-0802-43A1-857C-3602FA878C24}"
EndProject
Project("{FAE04EC0-301F-11D3-BF4B-00C04F79EFBC}") = "Zaved_FirstPackagePandas", "FirstPackagePandas\Zaved_FirstPackagePandas.csproj", "{6A97FF36-29C7-4046-A11A-82A6231A26D8}"
EndProject
Project("{FAE04EC0-301F-11D3-BF4B-00C04F79EFBC}") = "Zaved_DataFrameInCSharp", "DataFrameInCSharp\Zaved_DataFrameInCSharp.csproj", "{4B9C9BF8-D0EA-49E8-92D4-2F24150BFDC8}"
EndProject
Project("{FAE04EC0-301F-11D3-BF4B-00C04F79EFBC}") = "02. Primitives_And_Return_Types", "Primitives_And_Return_Types\02. Primitives_And_Return_Types.csproj", "{ED3B934D-F526-40EE-9E69-4DCC59C141CB}"
EndProject
Project("{FAE04EC0-301F-11D3-BF4B-00C04F79EFBC}") = "03. CollectionsAndTuples", "CollectionsAndTuples\03. CollectionsAndTuples.csproj", "{59B8C144-8E57-4657-9812-31CD08206418}"
EndProject
Project("{FAE04EC0-301F-11D3-BF4B-00C04F79EFBC}") = "04. Managing Python", "Managing Python\04. Managing Python.csproj", "{A712529F-7EB4-4356-9312-713EA09D16D3}"
EndProject
Project("{FAE04EC0-301F-11D3-BF4B-00C04F79EFBC}") = "06. NumPy1", "NumPy1\06. NumPy1.csproj", "{ADCF87C8-FCC0-4E71-8880-ED032456485F}"
EndProject
Project("{FAE04EC0-301F-11D3-BF4B-00C04F79EFBC}") = "07. Numpy2", "Numpy2\07. Numpy2.csproj", "{AAEDEC3C-EF69-4AC3-9D63-C4AAE1E881BA}"
EndProject
Project("{FAE04EC0-301F-11D3-BF4B-00C04F79EFBC}") = "BlazorTrader", "BlazorTrader\BlazorTrader.csproj", "{01AACE14-DC55-4174-8D22-D0BDA351C643}"
EndProject
Project("{FAE04EC0-301F-11D3-BF4B-00C04F79EFBC}") = "TestPython", "TestPython\TestPython.csproj", "{E4088E9A-C954-4597-AEE4-F913827A81F7}"
EndProject
Project("{FAE04EC0-301F-11D3-BF4B-00C04F79EFBC}") = "08. CSnakesExceptions", "CSnakesExceptions\08. CSnakesExceptions.csproj", "{83B4079E-4560-4234-A4B9-E8C6030A9197}"
EndProject
Project("{FAE04EC0-301F-11D3-BF4B-00C04F79EFBC}") = "ProgressFromPython", "ProgressFromPython\ProgressFromPython.csproj", "{7EDAD315-13C8-4EDE-8B14-BAD384B383AA}"
EndProject
Project("{FAE04EC0-301F-11D3-BF4B-00C04F79EFBC}") = "TalkToMyCode", "TalkToMyCode\TalkToMyCode.csproj", "{3DB59472-EF12-417C-BB0C-1E83221524F5}"
EndProject
Project("{FAE04EC0-301F-11D3-BF4B-00C04F79EFBC}") = "09. DataTable Sample", "DataTable Sample\09. DataTable Sample.csproj", "{353571DC-365B-487D-8EE6-28AC70165419}"
EndProject
Project("{FAE04EC0-301F-11D3-BF4B-00C04F79EFBC}") = "10. KMeans In Process", "KMeans In Process\10. KMeans In Process.csproj", "{4F59D2D1-1E7C-474A-AB36-5D9AEB949C5B}"
EndProject
Project("{FAE04EC0-301F-11D3-BF4B-00C04F79EFBC}") = "12 Format Markdown", "Format Markdown\12 Format Markdown.csproj", "{DFD2AB16-05B3-499E-85AD-E495C91B0FCA}"
EndProject
Project("{FAE04EC0-301F-11D3-BF4B-00C04F79EFBC}") = "14. Async Python", "Async Python\14. Async Python.csproj", "{5FB2378B-837D-447D-9DAA-DC7D6837CD0D}"
EndProject
Project("{FAE04EC0-301F-11D3-BF4B-00C04F79EFBC}") = "13. Generators Sample", "Generators Sample\13. Generators Sample.csproj", "{2B529546-7A19-4F6B-8972-B701D18ADFA2}"
EndProject
Global
	GlobalSection(SolutionConfigurationPlatforms) = preSolution
		Debug|Any CPU = Debug|Any CPU
		Release|Any CPU = Release|Any CPU
	EndGlobalSection
	GlobalSection(ProjectConfigurationPlatforms) = postSolution
		{7D1E490F-0802-43A1-857C-3602FA878C24}.Debug|Any CPU.ActiveCfg = Debug|Any CPU
		{7D1E490F-0802-43A1-857C-3602FA878C24}.Debug|Any CPU.Build.0 = Debug|Any CPU
		{7D1E490F-0802-43A1-857C-3602FA878C24}.Release|Any CPU.ActiveCfg = Release|Any CPU
		{7D1E490F-0802-43A1-857C-3602FA878C24}.Release|Any CPU.Build.0 = Release|Any CPU
		{6A97FF36-29C7-4046-A11A-82A6231A26D8}.Debug|Any CPU.ActiveCfg = Debug|Any CPU
		{6A97FF36-29C7-4046-A11A-82A6231A26D8}.Debug|Any CPU.Build.0 = Debug|Any CPU
		{6A97FF36-29C7-4046-A11A-82A6231A26D8}.Release|Any CPU.ActiveCfg = Release|Any CPU
		{6A97FF36-29C7-4046-A11A-82A6231A26D8}.Release|Any CPU.Build.0 = Release|Any CPU
		{4B9C9BF8-D0EA-49E8-92D4-2F24150BFDC8}.Debug|Any CPU.ActiveCfg = Debug|Any CPU
		{4B9C9BF8-D0EA-49E8-92D4-2F24150BFDC8}.Debug|Any CPU.Build.0 = Debug|Any CPU
		{4B9C9BF8-D0EA-49E8-92D4-2F24150BFDC8}.Release|Any CPU.ActiveCfg = Release|Any CPU
		{4B9C9BF8-D0EA-49E8-92D4-2F24150BFDC8}.Release|Any CPU.Build.0 = Release|Any CPU
		{ED3B934D-F526-40EE-9E69-4DCC59C141CB}.Debug|Any CPU.ActiveCfg = Debug|Any CPU
		{ED3B934D-F526-40EE-9E69-4DCC59C141CB}.Debug|Any CPU.Build.0 = Debug|Any CPU
		{ED3B934D-F526-40EE-9E69-4DCC59C141CB}.Release|Any CPU.ActiveCfg = Release|Any CPU
		{ED3B934D-F526-40EE-9E69-4DCC59C141CB}.Release|Any CPU.Build.0 = Release|Any CPU
		{59B8C144-8E57-4657-9812-31CD08206418}.Debug|Any CPU.ActiveCfg = Debug|Any CPU
		{59B8C144-8E57-4657-9812-31CD08206418}.Debug|Any CPU.Build.0 = Debug|Any CPU
		{59B8C144-8E57-4657-9812-31CD08206418}.Release|Any CPU.ActiveCfg = Release|Any CPU
		{59B8C144-8E57-4657-9812-31CD08206418}.Release|Any CPU.Build.0 = Release|Any CPU
		{A712529F-7EB4-4356-9312-713EA09D16D3}.Debug|Any CPU.ActiveCfg = Debug|Any CPU
		{A712529F-7EB4-4356-9312-713EA09D16D3}.Debug|Any CPU.Build.0 = Debug|Any CPU
		{A712529F-7EB4-4356-9312-713EA09D16D3}.Release|Any CPU.ActiveCfg = Release|Any CPU
		{A712529F-7EB4-4356-9312-713EA09D16D3}.Release|Any CPU.Build.0 = Release|Any CPU
		{ADCF87C8-FCC0-4E71-8880-ED032456485F}.Debug|Any CPU.ActiveCfg = Debug|Any CPU
		{ADCF87C8-FCC0-4E71-8880-ED032456485F}.Debug|Any CPU.Build.0 = Debug|Any CPU
		{ADCF87C8-FCC0-4E71-8880-ED032456485F}.Release|Any CPU.ActiveCfg = Release|Any CPU
		{ADCF87C8-FCC0-4E71-8880-ED032456485F}.Release|Any CPU.Build.0 = Release|Any CPU
		{AAEDEC3C-EF69-4AC3-9D63-C4AAE1E881BA}.Debug|Any CPU.ActiveCfg = Debug|Any CPU
		{AAEDEC3C-EF69-4AC3-9D63-C4AAE1E881BA}.Debug|Any CPU.Build.0 = Debug|Any CPU
		{AAEDEC3C-EF69-4AC3-9D63-C4AAE1E881BA}.Release|Any CPU.ActiveCfg = Release|Any CPU
		{AAEDEC3C-EF69-4AC3-9D63-C4AAE1E881BA}.Release|Any CPU.Build.0 = Release|Any CPU
		{01AACE14-DC55-4174-8D22-D0BDA351C643}.Debug|Any CPU.ActiveCfg = Debug|Any CPU
		{01AACE14-DC55-4174-8D22-D0BDA351C643}.Debug|Any CPU.Build.0 = Debug|Any CPU
		{01AACE14-DC55-4174-8D22-D0BDA351C643}.Release|Any CPU.ActiveCfg = Release|Any CPU
		{01AACE14-DC55-4174-8D22-D0BDA351C643}.Release|Any CPU.Build.0 = Release|Any CPU
		{E4088E9A-C954-4597-AEE4-F913827A81F7}.Debug|Any CPU.ActiveCfg = Debug|Any CPU
		{E4088E9A-C954-4597-AEE4-F913827A81F7}.Debug|Any CPU.Build.0 = Debug|Any CPU
		{E4088E9A-C954-4597-AEE4-F913827A81F7}.Release|Any CPU.ActiveCfg = Release|Any CPU
		{E4088E9A-C954-4597-AEE4-F913827A81F7}.Release|Any CPU.Build.0 = Release|Any CPU
		{83B4079E-4560-4234-A4B9-E8C6030A9197}.Debug|Any CPU.ActiveCfg = Debug|Any CPU
		{83B4079E-4560-4234-A4B9-E8C6030A9197}.Debug|Any CPU.Build.0 = Debug|Any CPU
		{83B4079E-4560-4234-A4B9-E8C6030A9197}.Release|Any CPU.ActiveCfg = Release|Any CPU
		{83B4079E-4560-4234-A4B9-E8C6030A9197}.Release|Any CPU.Build.0 = Release|Any CPU
		{7EDAD315-13C8-4EDE-8B14-BAD384B383AA}.Debug|Any CPU.ActiveCfg = Debug|Any CPU
		{7EDAD315-13C8-4EDE-8B14-BAD384B383AA}.Debug|Any CPU.Build.0 = Debug|Any CPU
		{7EDAD315-13C8-4EDE-8B14-BAD384B383AA}.Release|Any CPU.ActiveCfg = Release|Any CPU
		{7EDAD315-13C8-4EDE-8B14-BAD384B383AA}.Release|Any CPU.Build.0 = Release|Any CPU
		{3DB59472-EF12-417C-BB0C-1E83221524F5}.Debug|Any CPU.ActiveCfg = Debug|Any CPU
		{3DB59472-EF12-417C-BB0C-1E83221524F5}.Debug|Any CPU.Build.0 = Debug|Any CPU
		{3DB59472-EF12-417C-BB0C-1E83221524F5}.Release|Any CPU.ActiveCfg = Release|Any CPU
		{3DB59472-EF12-417C-BB0C-1E83221524F5}.Release|Any CPU.Build.0 = Release|Any CPU
		{353571DC-365B-487D-8EE6-28AC70165419}.Debug|Any CPU.ActiveCfg = Debug|Any CPU
		{353571DC-365B-487D-8EE6-28AC70165419}.Debug|Any CPU.Build.0 = Debug|Any CPU
		{353571DC-365B-487D-8EE6-28AC70165419}.Release|Any CPU.ActiveCfg = Release|Any CPU
		{353571DC-365B-487D-8EE6-28AC70165419}.Release|Any CPU.Build.0 = Release|Any CPU
		{4F59D2D1-1E7C-474A-AB36-5D9AEB949C5B}.Debug|Any CPU.ActiveCfg = Debug|Any CPU
		{4F59D2D1-1E7C-474A-AB36-5D9AEB949C5B}.Debug|Any CPU.Build.0 = Debug|Any CPU
		{4F59D2D1-1E7C-474A-AB36-5D9AEB949C5B}.Release|Any CPU.ActiveCfg = Release|Any CPU
		{4F59D2D1-1E7C-474A-AB36-5D9AEB949C5B}.Release|Any CPU.Build.0 = Release|Any CPU
		{DFD2AB16-05B3-499E-85AD-E495C91B0FCA}.Debug|Any CPU.ActiveCfg = Debug|Any CPU
		{DFD2AB16-05B3-499E-85AD-E495C91B0FCA}.Debug|Any CPU.Build.0 = Debug|Any CPU
		{DFD2AB16-05B3-499E-85AD-E495C91B0FCA}.Release|Any CPU.ActiveCfg = Release|Any CPU
		{DFD2AB16-05B3-499E-85AD-E495C91B0FCA}.Release|Any CPU.Build.0 = Release|Any CPU
		{5FB2378B-837D-447D-9DAA-DC7D6837CD0D}.Debug|Any CPU.ActiveCfg = Debug|Any CPU
		{5FB2378B-837D-447D-9DAA-DC7D6837CD0D}.Debug|Any CPU.Build.0 = Debug|Any CPU
		{5FB2378B-837D-447D-9DAA-DC7D6837CD0D}.Release|Any CPU.ActiveCfg = Release|Any CPU
		{5FB2378B-837D-447D-9DAA-DC7D6837CD0D}.Release|Any CPU.Build.0 = Release|Any CPU
		{2B529546-7A19-4F6B-8972-B701D18ADFA2}.Debug|Any CPU.ActiveCfg = Debug|Any CPU
		{2B529546-7A19-4F6B-8972-B701D18ADFA2}.Debug|Any CPU.Build.0 = Debug|Any CPU
		{2B529546-7A19-4F6B-8972-B701D18ADFA2}.Release|Any CPU.ActiveCfg = Release|Any CPU
		{2B529546-7A19-4F6B-8972-B701D18ADFA2}.Release|Any CPU.Build.0 = Release|Any CPU
	EndGlobalSection
	GlobalSection(SolutionProperties) = preSolution
		HideSolutionNode = FALSE
	EndGlobalSection
	GlobalSection(ExtensibilityGlobals) = postSolution
		SolutionGuid = {10B360BE-ED65-4422-8D05-5DE6F259C055}
	EndGlobalSection
EndGlobal
