Microsoft Visual Studio Solution File, Format Version 12.00
# Visual Studio Version 17
VisualStudioVersion = 17.5.2.0
MinimumVisualStudioVersion = 10.0.40219.1
Project("{FAE04EC0-301F-11D3-BF4B-00C04F79EFBC}") = "BlazorTrader", "BlazorTrader.csproj", "{0340C1D2-AC00-7A5C-06DA-993C7F77C6BC}"
EndProject
Global
	GlobalSection(SolutionConfigurationPlatforms) = preSolution
		Debug|Any CPU = Debug|Any CPU
		Release|Any CPU = Release|Any CPU
	EndGlobalSection
	GlobalSection(ProjectConfigurationPlatforms) = postSolution
		{0340C1D2-AC00-7A5C-06DA-993C7F77C6BC}.Debug|Any CPU.ActiveCfg = Debug|Any CPU
		{0340C1D2-AC00-7A5C-06DA-993C7F77C6BC}.Debug|Any CPU.Build.0 = Debug|Any CPU
		{0340C1D2-AC00-7A5C-06DA-993C7F77C6BC}.Release|Any CPU.ActiveCfg = Release|Any CPU
		{0340C1D2-AC00-7A5C-06DA-993C7F77C6BC}.Release|Any CPU.Build.0 = Release|Any CPU
	EndGlobalSection
	GlobalSection(SolutionProperties) = preSolution
		HideSolutionNode = FALSE
	EndGlobalSection
	GlobalSection(ExtensibilityGlobals) = postSolution
		SolutionGuid = {FA97E97C-648E-4E61-896E-D93B5EFD2223}
	EndGlobalSection
EndGlobal
